speakeasyVersion: 1.568.2
sources:
    Cribl API Reference:
        sourceNamespace: cribl-api-reference
        sourceRevisionDigest: sha256:d11f7d4d899035705d5b594bb00f49fbc790c8ba3a025e32f3658a0b087aa5e4
        sourceBlobDigest: sha256:164083af918c0b478123107d3b2b61961c1136003c87ebc232922ab1185dcc99
        tags:
            - latest
            - 4.13.0-alpha.1750836723351-6415b6ec
targets:
    cribl-sdk-python-fafo:
        source: Cribl API Reference
        sourceNamespace: cribl-api-reference
        sourceRevisionDigest: sha256:d11f7d4d899035705d5b594bb00f49fbc790c8ba3a025e32f3658a0b087aa5e4
        sourceBlobDigest: sha256:164083af918c0b478123107d3b2b61961c1136003c87ebc232922ab1185dcc99
        codeSamplesNamespace: cribl-api-reference-python-code-samples
        codeSamplesRevisionDigest: sha256:9f5fc7329457eee96101d4eb19edff4401b8cdecdadf295a8f64d322812b7e52
workflow:
    workflowVersion: 1.0.0
    speakeasyVersion: latest
    sources:
        Cribl API Reference:
            inputs:
                - location: ./openapi.yml
            output: .speakeasy/out.openapi.yaml
            registry:
                location: registry.speakeasyapi.dev/cribl/cribl/cribl-api-reference
    targets:
        cribl-sdk-python-fafo:
            target: python
            source: Cribl API Reference
            codeSamples:
                registry:
                    location: registry.speakeasyapi.dev/cribl/cribl/cribl-api-reference-python-code-samples
                labelOverride:
                    fixedValue: Python (SDK)
                blocking: false
