speakeasyVersion: 1.531.0
sources:
    Cribl API Reference:
        sourceNamespace: cribl-api-reference
        sourceRevisionDigest: sha256:f1a245f052524baed321f1de19a8c2da55fc8bb658039b475a40bd126b5fdfe1
        sourceBlobDigest: sha256:6ecc692dcc381eb3cfe4e79fa0087572e94d9ac608f3d28413c61b1643c1b1b8
        tags:
            - latest
            - 1.0.0
targets:
    cribl:
        source: Cribl API Reference
        sourceNamespace: cribl-api-reference
        sourceRevisionDigest: sha256:f1a245f052524baed321f1de19a8c2da55fc8bb658039b475a40bd126b5fdfe1
        sourceBlobDigest: sha256:6ecc692dcc381eb3cfe4e79fa0087572e94d9ac608f3d28413c61b1643c1b1b8
        codeSamplesNamespace: cribl-api-reference-python-code-samples
        codeSamplesRevisionDigest: sha256:dc81766a6a9f232e69072564e97c242387a121930e8d7dbd62a0097f30b6f154
workflow:
    workflowVersion: 1.0.0
    speakeasyVersion: 1.531.0
    sources:
        Cribl API Reference:
            inputs:
                - location: ./openapi.yml
            registry:
                location: registry.speakeasyapi.dev/cribl/cribl/cribl-api-reference
    targets:
        cribl:
            target: python
            source: Cribl API Reference
            codeSamples:
                registry:
                    location: registry.speakeasyapi.dev/cribl/cribl/cribl-api-reference-python-code-samples
                labelOverride:
                    fixedValue: Python (SDK)
                blocking: false
