speakeasyVersion: 1.568.2
sources:
    Cribl API Reference:
        sourceNamespace: cribl-api-reference
        sourceRevisionDigest: sha256:5ee1375507abe50ccf5df562a4c535ed1d55b4c363f3cbd6698adbf9d964370a
        sourceBlobDigest: sha256:e838e4189a24ec07bd44166426447df39715031a2e86b5c28e79d95df45a8124
        tags:
            - latest
            - 4.13.0-alpha.1750836723351-6415b6ec
targets:
    cribl-sdk-python-fafo:
        source: Cribl API Reference
        sourceNamespace: cribl-api-reference
        sourceRevisionDigest: sha256:5ee1375507abe50ccf5df562a4c535ed1d55b4c363f3cbd6698adbf9d964370a
        sourceBlobDigest: sha256:e838e4189a24ec07bd44166426447df39715031a2e86b5c28e79d95df45a8124
        codeSamplesNamespace: cribl-api-reference-python-code-samples
        codeSamplesRevisionDigest: sha256:d3844613e06061e1e866d11c8ffafe49221a48104b788cec84e90a6b5f19e50e
workflow:
    workflowVersion: 1.0.0
    speakeasyVersion: latest
    sources:
        Cribl API Reference:
            inputs:
                - location: ./openapi.yml
            output: .speakeasy/out.openapi.yaml
            registry:
                location: registry.speakeasyapi.dev/cribl/cribl/cribl-api-reference
    targets:
        cribl-sdk-python-fafo:
            target: python
            source: Cribl API Reference
            codeSamples:
                registry:
                    location: registry.speakeasyapi.dev/cribl/cribl/cribl-api-reference-python-code-samples
                labelOverride:
                    fixedValue: Python (SDK)
                blocking: false
